{
  "lockfileVersion": 1,
  "configVersion": 1,
  "workspaces": {
    "": {
      "name": "werk",
      "devDependencies": {
        "prettier": "^3.9.6",
      },
    },
    "examples/session-web": {
      "name": "@werk/session-web",
      "version": "0.0.0",
      "dependencies": {
        "@werk/session": "workspace:*",
        "@werk/session-daemon": "workspace:*",
        "@werk/terminal": "workspace:*",
        "@werk/terminal-beamterm": "workspace:*",
      },
      "devDependencies": {
        "bun-types": "1.3.14",
        "playwright": "1.58.2",
        "typescript": "^5.9.3",
      },
    },
    "packages/session": {
      "name": "@werk/session",
      "version": "0.0.0",
      "devDependencies": {
        "typescript": "^5.9.3",
      },
    },
    "packages/session-daemon": {
      "name": "@werk/session-daemon",
      "version": "0.1.0",
      "dependencies": {
        "@werk/session": "workspace:*",
        "@werk/terminal": "workspace:*",
      },
      "devDependencies": {
        "bun-types": "1.3.14",
        "typescript": "^5.9.3",
      },
    },
    "packages/terminal": {
      "name": "@werk/terminal",
      "version": "0.0.0",
      "dependencies": {
        "@wterm/core": "0.4.1",
        "@wterm/dom": "0.4.1",
      },
      "devDependencies": {
        "bun-types": "1.3.14",
        "typescript": "^5.9.3",
      },
    },
    "packages/terminal-beamterm": {
      "name": "@werk/terminal-beamterm",
      "version": "0.0.0",
      "dependencies": {
        "@beamterm/renderer": "1.0.0",
        "@werk/terminal": "workspace:*",
      },
      "devDependencies": {
        "typescript": "^5.9.3",
      },
    },
    "packages/werk": {
      "name": "@werk/cli",
      "version": "0.0.0",
      "bin": {
        "werk": "./dist/werk",
      },
      "dependencies": {
        "@clack/prompts": "^1.8.0",
        "@commander-js/extra-typings": "^15.0.0",
        "@werk/session": "workspace:*",
        "@werk/session-daemon": "workspace:*",
        "@werk/terminal": "workspace:*",
        "c12": "4.0.0-rc.1",
        "chalk": "^6.0.0",
        "chokidar": "^5.0.0",
        "commander": "^15.0.0",
      },
      "devDependencies": {
        "bun-types": "1.3.14",
        "typescript": "^5.9.3",
      },
    },
  },
  "packages": {
    "@beamterm/renderer": ["@beamterm/renderer@1.0.0", "", {}, "sha512-Uct8zOjj8aR/63D+fl3Hv9D01HFCMzIvAqtkZk+lgAendUMid5loccrhtQkEjqUWDUMgu54SDLhnROnUj8sCFw=="],

    "@clack/core": ["@clack/core@1.5.0", "", { "dependencies": { "fast-wrap-ansi": "^0.2.0", "sisteransi": "^1.0.5" } }, "sha512-zNikCcd8BbcEvzzG1sbXFrRHFk5kHPrpwZwksPvf9qyQO1Teb7JaXaOAxXZei9nZLDW0gaZawiuTCji88bTBhw=="],

    "@clack/prompts": ["@clack/prompts@1.8.0", "", { "dependencies": { "@clack/core": "1.5.0", "fast-string-width": "^3.0.2", "fast-wrap-ansi": "^0.2.0", "sisteransi": "^1.0.5" } }, "sha512-PXzLZ8N34rxmuo4dJg3xtOXhcBse94qGjDqsteoEYrFrrZ5FSjIGwMAuOcv64ln8rHVBBD06XeVGr+/JX+plcA=="],

    "@commander-js/extra-typings": ["@commander-js/extra-typings@15.0.0", "", { "peerDependencies": { "commander": "~15.0.0" } }, "sha512-yeJlba62xqmkgELUsn7356MEnzLLu/fw2x4lofFqGnXh6YysRdEs2BaLeLtg1+KU0AXvMeqQvTTp+3hBEBK+EA=="],

    "@types/node": ["@types/node@26.4.1", "", { "dependencies": { "undici-types": "~8.3.0" } }, "sha512-k97ENvZWtvA6yqz5/FS6a7duDgOPEeOQOc2iKS/nY6mX6qJUKtLnWzQS+Xj6tXweyj6ZcTAK2Qecetnvi9nCLA=="],

    "@werk/cli": ["@werk/cli@workspace:packages/werk"],

    "@werk/session": ["@werk/session@workspace:packages/session"],

    "@werk/session-daemon": ["@werk/session-daemon@workspace:packages/session-daemon"],

    "@werk/session-web": ["@werk/session-web@workspace:examples/session-web"],

    "@werk/terminal": ["@werk/terminal@workspace:packages/terminal"],

    "@werk/terminal-beamterm": ["@werk/terminal-beamterm@workspace:packages/terminal-beamterm"],

    "@wterm/core": ["@wterm/core@0.4.1", "", {}, "sha512-YypeqYJPrx98MoQODPnj/QVKqCQoO8d9f0oosaQ4GfFukvR3Q09U2LTRGLgVmAjPWa0D6MQHQNcMQJBsPn6i+g=="],

    "@wterm/dom": ["@wterm/dom@0.4.1", "", { "dependencies": { "@wterm/core": "0.4.1" } }, "sha512-N1DxEgj042z7QkO8sTgnXsBkO5vN5kTqVFWmPl8/unyuJj0ZJns0biwsvT07VpJD/WaTdX8I/Zpeu/25WR/rHQ=="],

    "bun-types": ["bun-types@1.3.14", "", { "dependencies": { "@types/node": "*" } }, "sha512-4N0ig0fEomHt5R0KCFWjovxow98rIoRwKolrYdCcknNwMekCXRnWEUvgu5soYV8QXtVsrUD8B95MBOZGPvr6KQ=="],

    "c12": ["c12@4.0.0-rc.1", "", { "dependencies": { "confbox": "^0.3.1", "defu": "^6.1.7", "exsolve": "^1.1.1", "pathe": "^2.0.3", "pkg-types": "^2.3.2", "rc9": "^3.1.0" }, "peerDependencies": { "chokidar": "^5", "dotenv": "*", "giget": ">=3.1.0", "jiti": "*", "magicast": "*" }, "optionalPeers": ["chokidar", "dotenv", "giget", "jiti", "magicast"] }, "sha512-08UYGAVLTLqgiCzWNMNdBHdiWKzhIVwcapySI11mFTBacL5bP0dj1Vr7IcwOH0wcUTgMzm1VCh+by922viKWig=="],

    "chalk": ["chalk@6.0.0", "", {}, "sha512-2uNTXIuTTxk7ciZgAU1BQcgnchcG0xXnrs6jzkQfj9SsRa9M2s5zE8WT96hS6KmG4MzWHSrvH43DF1m4XRkrFg=="],

    "chokidar": ["chokidar@5.0.0", "", { "dependencies": { "readdirp": "^5.0.0" } }, "sha512-TQMmc3w+5AxjpL8iIiwebF73dRDF4fBIieAqGn9RGCWaEVwQ6Fb2cGe31Yns0RRIzii5goJ1Y7xbMwo1TxMplw=="],

    "commander": ["commander@15.0.0", "", {}, "sha512-z67u4ZhzCL/Tydu1lJARtEZYWbWaN7oYLHbsuzocr6y4N6WZAagG3RQ4FW61V1/0+jImpj293XfrcYnd1qxtPg=="],

    "confbox": ["confbox@0.3.1", "", {}, "sha512-cKUSoKa8YxFZZSmraVi7onONx3amu77ngK3kGpsYHDH7drPwCRkQE1RYMPlLRrMtnciRj274XNRxcHxnKmDSnA=="],

    "defu": ["defu@6.1.7", "", {}, "sha512-7z22QmUWiQ/2d0KkdYmANbRUVABpZ9SNYyH5vx6PZ+nE5bcC0l7uFvEfHlyld/HcGBFTL536ClDt3DEcSlEJAQ=="],

    "destr": ["destr@2.0.5", "", {}, "sha512-ugFTXCtDZunbzasqBxrK93Ik/DRYsO6S/fedkWEMKqt04xZ4csmnmwGDBAb07QWNaGMAmnTIemsYZCksjATwsA=="],

    "exsolve": ["exsolve@1.1.1", "", {}, "sha512-9U/jZUgjnSGyntRr6y5Muu1MJcwFl6kPu7k8qLF0IMNfLqvw0NZ4nnVDq0RVoZ0RvCyumib4Ez3KYrVfilrw+g=="],

    "fast-string-truncated-width": ["fast-string-truncated-width@3.0.3", "", {}, "sha512-0jjjIEL6+0jag3l2XWWizO64/aZVtpiGE3t0Zgqxv0DPuxiMjvB3M24fCyhZUO4KomJQPj3LTSUnDP3GpdwC0g=="],

    "fast-string-width": ["fast-string-width@3.0.2", "", { "dependencies": { "fast-string-truncated-width": "^3.0.2" } }, "sha512-gX8LrtNEI5hq8DVUfRQMbr5lpaS4nMIWV+7XEbXk2b8kiQIizgnlr12B4dA3ZEx3308ze0O4Q1R+cHts8kyUJg=="],

    "fast-wrap-ansi": ["fast-wrap-ansi@0.2.2", "", { "dependencies": { "fast-string-width": "^3.0.2" } }, "sha512-7F2Fl+TjRSenLqlU3UjSH0iyqopqoZIu7eZVpEirP2g1GtWa2G/ecEmBdgz31+Mxr+ELclgg6sokpSFIQiZ02Q=="],

    "fsevents": ["fsevents@2.3.2", "", { "os": "darwin" }, "sha512-xiqMQR4xAeHTuB9uWm+fFRcIOgKBMiOBP+eXiyT7jsgVCq1bkVygt00oASowB7EdtpOHaaPgKt812P9ab+DDKA=="],

    "pathe": ["pathe@2.0.3", "", {}, "sha512-WUjGcAqP1gQacoQe+OBJsFA7Ld4DyXuUIjZ5cc75cLHvJ7dtNsTugphxIADwspS+AraAUePCKrSVtPLFj/F88w=="],

    "pkg-types": ["pkg-types@2.3.3", "", { "dependencies": { "confbox": "^0.3.1", "exsolve": "^1.1.1", "pathe": "^2.0.3" } }, "sha512-j/lCFdcppV0JxWpCEITdbDltBxPP6cHT+yNJ6Go2OgoSA9518X847X9z0p6LtA4Nc16+eQzCZjRrWanTGvHJ5w=="],

    "playwright": ["playwright@1.58.2", "", { "dependencies": { "playwright-core": "1.58.2" }, "optionalDependencies": { "fsevents": "2.3.2" }, "bin": { "playwright": "cli.js" } }, "sha512-vA30H8Nvkq/cPBnNw4Q8TWz1EJyqgpuinBcHET0YVJVFldr8JDNiU9LaWAE1KqSkRYazuaBhTpB5ZzShOezQ6A=="],

    "playwright-core": ["playwright-core@1.58.2", "", { "bin": { "playwright-core": "cli.js" } }, "sha512-yZkEtftgwS8CsfYo7nm0KE8jsvm6i/PTgVtB8DL726wNf6H2IMsDuxCpJj59KDaxCtSnrWan2AeDqM7JBaultg=="],

    "prettier": ["prettier@3.9.6", "", { "bin": { "prettier": "bin/prettier.cjs" } }, "sha512-OpN0zzVdiaiAhxpuuj5efpIS4sY9j7bY6uR5mnj5yPzGkdkjNKSJeUThPb60Jw29QuAZgA4o+/iB49kFiaBX6g=="],

    "rc9": ["rc9@3.1.0", "", { "dependencies": { "defu": "^6.1.7", "destr": "^2.0.5" } }, "sha512-ufjkNVzbRHKcCOmTahZkmVsyc3W+MSk3jY03m+a7tGHkIsdVMG9l10/3HvFbWkkKzY5VFp3pkRsIo/UYgmFL7Q=="],

    "readdirp": ["readdirp@5.1.1", "", {}, "sha512-Kko+Y5XQ6fM+Ce3dq3m9YGxnacYZYl9cA1wZjaF3Vbry2L3i1qVg8+CAgNPsXRArPMUMCaOR7oa9Nqntc43JKA=="],

    "sisteransi": ["sisteransi@1.0.5", "", {}, "sha512-bLGGlR1QxBcynn2d5YmDX4MGjlZvy2MRBDRNHLJ8VI6l6+9FUiyTFNJ0IveOSP0bcXgVDPRcfGqA0pjaqUpfVg=="],

    "typescript": ["typescript@5.9.3", "", { "bin": { "tsc": "bin/tsc", "tsserver": "bin/tsserver" } }, "sha512-jl1vZzPDinLr9eUt3J/t7V6FgNEw9QjvBPdysz9KfQDD41fQrC2Y4vKQdiaUpFT4bXlb1RHhLpp8wtm6M5TgSw=="],

    "undici-types": ["undici-types@8.3.0", "", {}, "sha512-j375ScV60dom+YkPFIfTLcOiPxkN/buHz5GobjLhixFuANaNs3C9l4GmrWqejgXWJ7BbJcFYpTEUkS1Ge8bpZQ=="],
  }
}
